
Microsoft Visual Studio Solution File, Format Version 12.00
# Visual Studio Version 17
VisualStudioVersion = 17.4.33205.214
MinimumVisualStudioVersion = 10.0.40219.1
Project("{FAE04EC0-301F-11D3-BF4B-00C04F79EFBC}") = "ExcelExportImport.API", "ExcelExportImport.API\ExcelExportImport.API.csproj", "{EE2A9B40-FCA5-49AA-B879-CFC06D21B601}"
EndProject
Global
	GlobalSection(SolutionConfigurationPlatforms) = preSolution
		Debug|Any CPU = Debug|Any CPU
		Release|Any CPU = Release|Any CPU
	EndGlobalSection
	GlobalSection(ProjectConfigurationPlatforms) = postSolution
		{EE2A9B40-FCA5-49AA-B879-CFC06D21B601}.Debug|Any CPU.ActiveCfg = Debug|Any CPU
		{EE2A9B40-FCA5-49AA-B879-CFC06D21B601}.Debug|Any CPU.Build.0 = Debug|Any CPU
		{EE2A9B40-FCA5-49AA-B879-CFC06D21B601}.Release|Any CPU.ActiveCfg = Release|Any CPU
		{EE2A9B40-FCA5-49AA-B879-CFC06D21B601}.Release|Any CPU.Build.0 = Release|Any CPU
	EndGlobalSection
	GlobalSection(SolutionProperties) = preSolution
		HideSolutionNode = FALSE
	EndGlobalSection
	GlobalSection(ExtensibilityGlobals) = postSolution
		SolutionGuid = {8AFFAC03-FC76-44F3-9955-36FD6CA0ADDD}
	EndGlobalSection
EndGlobal
